
Microsoft Visual Studio Solution File, Format Version 12.00
# Visual Studio Version 17
VisualStudioVersion = 17.0.31903.59
MinimumVisualStudioVersion = 10.0.40219.1
Project("{FAE04EC0-301F-11D3-BF4B-00C04F79EFBC}") = "GrpcClient", "GrpcClient\GrpcClient.csproj", "{2ED6EF7C-5297-49F8-98EC-0A5BD3FE9C34}"
EndProject
Project("{FAE04EC0-301F-11D3-BF4B-00C04F79EFBC}") = "GrpcServer", "GrpcServer\GrpcServer.csproj", "{AC3C8E86-C201-473E-BD50-250BC976BCDD}"
EndProject
Global
	GlobalSection(SolutionConfigurationPlatforms) = preSolution
		Debug|Any CPU = Debug|Any CPU
		Release|Any CPU = Release|Any CPU
	EndGlobalSection
	GlobalSection(SolutionProperties) = preSolution
		HideSolutionNode = FALSE
	EndGlobalSection
	GlobalSection(ProjectConfigurationPlatforms) = postSolution
		{2ED6EF7C-5297-49F8-98EC-0A5BD3FE9C34}.Debug|Any CPU.ActiveCfg = Debug|Any CPU
		{2ED6EF7C-5297-49F8-98EC-0A5BD3FE9C34}.Debug|Any CPU.Build.0 = Debug|Any CPU
		{2ED6EF7C-5297-49F8-98EC-0A5BD3FE9C34}.Release|Any CPU.ActiveCfg = Release|Any CPU
		{2ED6EF7C-5297-49F8-98EC-0A5BD3FE9C34}.Release|Any CPU.Build.0 = Release|Any CPU
		{AC3C8E86-C201-473E-BD50-250BC976BCDD}.Debug|Any CPU.ActiveCfg = Debug|Any CPU
		{AC3C8E86-C201-473E-BD50-250BC976BCDD}.Debug|Any CPU.Build.0 = Debug|Any CPU
		{AC3C8E86-C201-473E-BD50-250BC976BCDD}.Release|Any CPU.ActiveCfg = Release|Any CPU
		{AC3C8E86-C201-473E-BD50-250BC976BCDD}.Release|Any CPU.Build.0 = Release|Any CPU
	EndGlobalSection
EndGlobal
